
Microsoft Visual Studio Solution File, Format Version 12.00
# Visual Studio Version 16
VisualStudioVersion = 16.0.31005.135
MinimumVisualStudioVersion = 10.0.40219.1
Project("{FAE04EC0-301F-11D3-BF4B-00C04F79EFBC}") = "ODPortalWebAPI", "..\ODPortalWebAPI\ODPortalWebAPI.csproj", "{83D7D4F0-4119-4487-99F4-C10A3857C25A}"
EndProject
Project("{FAE04EC0-301F-11D3-BF4B-00C04F79EFBC}") = "ODPortalDL", "..\ODPortalDL\ODPortalDL.csproj", "{D50D8239-BE77-4F98-97EE-ADF954F9407D}"
EndProject
Project("{FAE04EC0-301F-11D3-BF4B-00C04F79EFBC}") = "ODPortalWebDL", "..\ODPortalWebDL\ODPortalWebDL.csproj", "{5E46939A-D7F8-401D-ADAF-EF05C5404546}"
EndProject
Global
	GlobalSection(SolutionConfigurationPlatforms) = preSolution
		Debug|Any CPU = Debug|Any CPU
		Release|Any CPU = Release|Any CPU
	EndGlobalSection
	GlobalSection(ProjectConfigurationPlatforms) = postSolution
		{83D7D4F0-4119-4487-99F4-C10A3857C25A}.Debug|Any CPU.ActiveCfg = Debug|Any CPU
		{83D7D4F0-4119-4487-99F4-C10A3857C25A}.Debug|Any CPU.Build.0 = Debug|Any CPU
		{83D7D4F0-4119-4487-99F4-C10A3857C25A}.Release|Any CPU.ActiveCfg = Release|Any CPU
		{83D7D4F0-4119-4487-99F4-C10A3857C25A}.Release|Any CPU.Build.0 = Release|Any CPU
		{D50D8239-BE77-4F98-97EE-ADF954F9407D}.Debug|Any CPU.ActiveCfg = Debug|Any CPU
		{D50D8239-BE77-4F98-97EE-ADF954F9407D}.Debug|Any CPU.Build.0 = Debug|Any CPU
		{D50D8239-BE77-4F98-97EE-ADF954F9407D}.Release|Any CPU.ActiveCfg = Release|Any CPU
		{D50D8239-BE77-4F98-97EE-ADF954F9407D}.Release|Any CPU.Build.0 = Release|Any CPU
		{5E46939A-D7F8-401D-ADAF-EF05C5404546}.Debug|Any CPU.ActiveCfg = Debug|Any CPU
		{5E46939A-D7F8-401D-ADAF-EF05C5404546}.Debug|Any CPU.Build.0 = Debug|Any CPU
		{5E46939A-D7F8-401D-ADAF-EF05C5404546}.Release|Any CPU.ActiveCfg = Release|Any CPU
		{5E46939A-D7F8-401D-ADAF-EF05C5404546}.Release|Any CPU.Build.0 = Release|Any CPU
	EndGlobalSection
	GlobalSection(SolutionProperties) = preSolution
		HideSolutionNode = FALSE
	EndGlobalSection
	GlobalSection(ExtensibilityGlobals) = postSolution
		SolutionGuid = {25BF46D3-949D-465C-BDD2-AB3373855B2D}
	EndGlobalSection
EndGlobal
